
Microsoft Visual Studio Solution File, Format Version 12.00
# Visual Studio Version 17
VisualStudioVersion = 17.8.34330.188
MinimumVisualStudioVersion = 10.0.40219.1
Project("{9A19103F-16F7-4668-BE54-9A1E7A4F7556}") = "PowerOutageNotifier", "src\PowerOutageNotifierService\PowerOutageNotifier.csproj", "{E1A7A22C-1658-4746-B2AC-34CB21FEAFD8}"
EndProject
Project("{9A19103F-16F7-4668-BE54-9A1E7A4F7556}") = "Tests", "test\Tests.csproj", "{AE08CC12-6FBD-4861-8F00-E4C3A1F13CAB}"
EndProject
Project("{2150E333-8FDC-42A3-9474-1A3956D46DE8}") = "Solution Items", "Solution Items", "{CE67B59E-2A95-4F93-8F5C-7A373358355F}"
	ProjectSection(SolutionItems) = preProject
		Directory.Build.props = Directory.Build.props
		docker-compose.yml = docker-compose.yml
		Dockerfile = Dockerfile
		README.md = README.md
	EndProjectSection
EndProject
Global
	GlobalSection(SolutionConfigurationPlatforms) = preSolution
		Debug|Any CPU = Debug|Any CPU
		Release|Any CPU = Release|Any CPU
	EndGlobalSection
	GlobalSection(ProjectConfigurationPlatforms) = postSolution
		{E1A7A22C-1658-4746-B2AC-34CB21FEAFD8}.Debug|Any CPU.ActiveCfg = Debug|Any CPU
		{E1A7A22C-1658-4746-B2AC-34CB21FEAFD8}.Debug|Any CPU.Build.0 = Debug|Any CPU
		{E1A7A22C-1658-4746-B2AC-34CB21FEAFD8}.Release|Any CPU.ActiveCfg = Release|Any CPU
		{E1A7A22C-1658-4746-B2AC-34CB21FEAFD8}.Release|Any CPU.Build.0 = Release|Any CPU
		{AE08CC12-6FBD-4861-8F00-E4C3A1F13CAB}.Debug|Any CPU.ActiveCfg = Debug|Any CPU
		{AE08CC12-6FBD-4861-8F00-E4C3A1F13CAB}.Debug|Any CPU.Build.0 = Debug|Any CPU
		{AE08CC12-6FBD-4861-8F00-E4C3A1F13CAB}.Release|Any CPU.ActiveCfg = Release|Any CPU
		{AE08CC12-6FBD-4861-8F00-E4C3A1F13CAB}.Release|Any CPU.Build.0 = Release|Any CPU
	EndGlobalSection
	GlobalSection(SolutionProperties) = preSolution
		HideSolutionNode = FALSE
	EndGlobalSection
	GlobalSection(ExtensibilityGlobals) = postSolution
		SolutionGuid = {A0FE3D6A-51E8-4878-8E70-8699DF93C65A}
	EndGlobalSection
EndGlobal
